// !$*UTF8*$!
{
	archiveVersion = 1;
	classes = {
	};
	objectVersion = 55;
	objects = {

/* Begin PBXBuildFile section */
		3F05C28C28DA4D0300D07E32 /* Kausus.xcdatamodeld in Sources */ = {isa = PBXBuildFile; fileRef = 3F05C28A28DA4D0300D07E32 /* Kausus.xcdatamodeld */; };
		3F05C28E28DA4E4800D07E32 /* DataController.swift in Sources */ = {isa = PBXBuildFile; fileRef = 3F05C28D28DA4E4800D07E32 /* DataController.swift */; };
		3F50988628CD233400D7BA92 /* kaususApp.swift in Sources */ = {isa = PBXBuildFile; fileRef = 3F50988528CD233400D7BA92 /* kaususApp.swift */; };
		3F50988828CD233400D7BA92 /* ContentView.swift in Sources */ = {isa = PBXBuildFile; fileRef = 3F50988728CD233400D7BA92 /* ContentView.swift */; };
		3F50988A28CD233700D7BA92 /* Assets.xcassets in Resources */ = {isa = PBXBuildFile; fileRef = 3F50988928CD233700D7BA92 /* Assets.xcassets */; };
		3F50988D28CD233700D7BA92 /* Preview Assets.xcassets in Resources */ = {isa = PBXBuildFile; fileRef = 3F50988C28CD233700D7BA92 /* Preview Assets.xcassets */; };
		3F50989828CD233700D7BA92 /* kaususTests.swift in Sources */ = {isa = PBXBuildFile; fileRef = 3F50989728CD233700D7BA92 /* kaususTests.swift */; };
		3F5098A228CD233700D7BA92 /* kaususUITests.swift in Sources */ = {isa = PBXBuildFile; fileRef = 3F5098A128CD233700D7BA92 /* kaususUITests.swift */; };
		3F5098A428CD233700D7BA92 /* kaususUITestsLaunchTests.swift in Sources */ = {isa = PBXBuildFile; fileRef = 3F5098A328CD233700D7BA92 /* kaususUITestsLaunchTests.swift */; };
		3F5098B128CD33A200D7BA92 /* BaseStructs.swift in Sources */ = {isa = PBXBuildFile; fileRef = 3F5098B028CD33A200D7BA92 /* BaseStructs.swift */; };
		3F5098B328CD33FD00D7BA92 /* WordGenerator.swift in Sources */ = {isa = PBXBuildFile; fileRef = 3F5098B228CD33FD00D7BA92 /* WordGenerator.swift */; };
/* End PBXBuildFile section */

/* Begin PBXContainerItemProxy section */
		3F50989428CD233700D7BA92 /* PBXContainerItemProxy */ = {
			isa = PBXContainerItemProxy;
			containerPortal = 3F50987A28CD233400D7BA92 /* Project object */;
			proxyType = 1;
			remoteGlobalIDString = 3F50988128CD233400D7BA92;
			remoteInfo = kausus;
		};
		3F50989E28CD233700D7BA92 /* PBXContainerItemProxy */ = {
			isa = PBXContainerItemProxy;
			containerPortal = 3F50987A28CD233400D7BA92 /* Project object */;
			proxyType = 1;
			remoteGlobalIDString = 3F50988128CD233400D7BA92;
			remoteInfo = kausus;
		};
/* End PBXContainerItemProxy section */

/* Begin PBXFileReference section */
		3F05C28B28DA4D0300D07E32 /* Word.xcdatamodel */ = {isa = PBXFileReference; lastKnownFileType = wrapper.xcdatamodel; path = Word.xcdatamodel; sourceTree = "<group>"; };
		3F05C28D28DA4E4800D07E32 /* DataController.swift */ = {isa = PBXFileReference; lastKnownFileType = sourcecode.swift; path = DataController.swift; sourceTree = "<group>"; };
		3F50988228CD233400D7BA92 /* kausus.app */ = {isa = PBXFileReference; explicitFileType = wrapper.application; includeInIndex = 0; path = kausus.app; sourceTree = BUILT_PRODUCTS_DIR; };
		3F50988528CD233400D7BA92 /* kaususApp.swift */ = {isa = PBXFileReference; lastKnownFileType = sourcecode.swift; path = kaususApp.swift; sourceTree = "<group>"; };
		3F50988728CD233400D7BA92 /* ContentView.swift */ = {isa = PBXFileReference; lastKnownFileType = sourcecode.swift; path = ContentView.swift; sourceTree = "<group>"; };
		3F50988928CD233700D7BA92 /* Assets.xcassets */ = {isa = PBXFileReference; lastKnownFileType = folder.assetcatalog; path = Assets.xcassets; sourceTree = "<group>"; };
		3F50988C28CD233700D7BA92 /* Preview Assets.xcassets */ = {isa = PBXFileReference; lastKnownFileType = folder.assetcatalog; path = "Preview Assets.xcassets"; sourceTree = "<group>"; };
		3F50988E28CD233700D7BA92 /* kausus.entitlements */ = {isa = PBXFileReference; lastKnownFileType = text.plist.entitlements; path = kausus.entitlements; sourceTree = "<group>"; };
		3F50989328CD233700D7BA92 /* kaususTests.xctest */ = {isa = PBXFileReference; explicitFileType = wrapper.cfbundle; includeInIndex = 0; path = kaususTests.xctest; sourceTree = BUILT_PRODUCTS_DIR; };
		3F50989728CD233700D7BA92 /* kaususTests.swift */ = {isa = PBXFileReference; lastKnownFileType = sourcecode.swift; path = kaususTests.swift; sourceTree = "<group>"; };
		3F50989D28CD233700D7BA92 /* kaususUITests.xctest */ = {isa = PBXFileReference; explicitFileType = wrapper.cfbundle; includeInIndex = 0; path = kaususUITests.xctest; sourceTree = BUILT_PRODUCTS_DIR; };
		3F5098A128CD233700D7BA92 /* kaususUITests.swift */ = {isa = PBXFileReference; lastKnownFileType = sourcecode.swift; path = kaususUITests.swift; sourceTree = "<group>"; };
		3F5098A328CD233700D7BA92 /* kaususUITestsLaunchTests.swift */ = {isa = PBXFileReference; lastKnownFileType = sourcecode.swift; path = kaususUITestsLaunchTests.swift; sourceTree = "<group>"; };
		3F5098B028CD33A200D7BA92 /* BaseStructs.swift */ = {isa = PBXFileReference; lastKnownFileType = sourcecode.swift; path = BaseStructs.swift; sourceTree = "<group>"; };
		3F5098B228CD33FD00D7BA92 /* WordGenerator.swift */ = {isa = PBXFileReference; lastKnownFileType = sourcecode.swift; path = WordGenerator.swift; sourceTree = "<group>"; };
/* End PBXFileReference section */

/* Begin PBXFrameworksBuildPhase section */
		3F50987F28CD233400D7BA92 /* Frameworks */ = {
			isa = PBXFrameworksBuildPhase;
			buildActionMask = 2147483647;
			files = (
			);
			runOnlyForDeploymentPostprocessing = 0;
		};
		3F50989028CD233700D7BA92 /* Frameworks */ = {
			isa = PBXFrameworksBuildPhase;
			buildActionMask = 2147483647;
			files = (
			);
			runOnlyForDeploymentPostprocessing = 0;
		};
		3F50989A28CD233700D7BA92 /* Frameworks */ = {
			isa = PBXFrameworksBuildPhase;
			buildActionMask = 2147483647;
			files = (
			);
			runOnlyForDeploymentPostprocessing = 0;
		};
/* End PBXFrameworksBuildPhase section */

/* Begin PBXGroup section */
		3F50987928CD233400D7BA92 = {
			isa = PBXGroup;
			children = (
				3F50988428CD233400D7BA92 /* kausus */,
				3F50989628CD233700D7BA92 /* kaususTests */,
				3F5098A028CD233700D7BA92 /* kaususUITests */,
				3F50988328CD233400D7BA92 /* Products */,
			);
			sourceTree = "<group>";
		};
		3F50988328CD233400D7BA92 /* Products */ = {
			isa = PBXGroup;
			children = (
				3F50988228CD233400D7BA92 /* kausus.app */,
				3F50989328CD233700D7BA92 /* kaususTests.xctest */,
				3F50989D28CD233700D7BA92 /* kaususUITests.xctest */,
			);
			name = Products;
			sourceTree = "<group>";
		};
		3F50988428CD233400D7BA92 /* kausus */ = {
			isa = PBXGroup;
			children = (
				3F5098B028CD33A200D7BA92 /* BaseStructs.swift */,
				3F50988528CD233400D7BA92 /* kaususApp.swift */,
				3F50988728CD233400D7BA92 /* ContentView.swift */,
				3F50988928CD233700D7BA92 /* Assets.xcassets */,
				3F50988E28CD233700D7BA92 /* kausus.entitlements */,
				3F50988B28CD233700D7BA92 /* Preview Content */,
				3F5098B228CD33FD00D7BA92 /* WordGenerator.swift */,
				3F05C28A28DA4D0300D07E32 /* Kausus.xcdatamodeld */,
				3F05C28D28DA4E4800D07E32 /* DataController.swift */,
			);
			path = kausus;
			sourceTree = "<group>";
		};
		3F50988B28CD233700D7BA92 /* Preview Content */ = {
			isa = PBXGroup;
			children = (
				3F50988C28CD233700D7BA92 /* Preview Assets.xcassets */,
			);
			path = "Preview Content";
			sourceTree = "<group>";
		};
		3F50989628CD233700D7BA92 /* kaususTests */ = {
			isa = PBXGroup;
			children = (
				3F50989728CD233700D7BA92 /* kaususTests.swift */,
			);
			path = kaususTests;
			sourceTree = "<group>";
		};
		3F5098A028CD233700D7BA92 /* kaususUITests */ = {
			isa = PBXGroup;
			children = (
				3F5098A128CD233700D7BA92 /* kaususUITests.swift */,
				3F5098A328CD233700D7BA92 /* kaususUITestsLaunchTests.swift */,
			);
			path = kaususUITests;
			sourceTree = "<group>";
		};
/* End PBXGroup section */

/* Begin PBXNativeTarget section */
		3F50988128CD233400D7BA92 /* kausus */ = {
			isa = PBXNativeTarget;
			buildConfigurationList = 3F5098A728CD233700D7BA92 /* Build configuration list for PBXNativeTarget "kausus" */;
			buildPhases = (
				3F50987E28CD233400D7BA92 /* Sources */,
				3F50987F28CD233400D7BA92 /* Frameworks */,
				3F50988028CD233400D7BA92 /* Resources */,
			);
			buildRules = (
			);
			dependencies = (
			);
			name = kausus;
			productName = kausus;
			productReference = 3F50988228CD233400D7BA92 /* kausus.app */;
			productType = "com.apple.product-type.application";
		};
		3F50989228CD233700D7BA92 /* kaususTests */ = {
			isa = PBXNativeTarget;
			buildConfigurationList = 3F5098AA28CD233700D7BA92 /* Build configuration list for PBXNativeTarget "kaususTests" */;
			buildPhases = (
				3F50988F28CD233700D7BA92 /* Sources */,
				3F50989028CD233700D7BA92 /* Frameworks */,
				3F50989128CD233700D7BA92 /* Resources */,
			);
			buildRules = (
			);
			dependencies = (
				3F50989528CD233700D7BA92 /* PBXTargetDependency */,
			);
			name = kaususTests;
			productName = kaususTests;
			productReference = 3F50989328CD233700D7BA92 /* kaususTests.xctest */;
			productType = "com.apple.product-type.bundle.unit-test";
		};
		3F50989C28CD233700D7BA92 /* kaususUITests */ = {
			isa = PBXNativeTarget;
			buildConfigurationList = 3F5098AD28CD233700D7BA92 /* Build configuration list for PBXNativeTarget "kaususUITests" */;
			buildPhases = (
				3F50989928CD233700D7BA92 /* Sources */,
				3F50989A28CD233700D7BA92 /* Frameworks */,
				3F50989B28CD233700D7BA92 /* Resources */,
			);
			buildRules = (
			);
			dependencies = (
				3F50989F28CD233700D7BA92 /* PBXTargetDependency */,
			);
			name = kaususUITests;
			productName = kaususUITests;
			productReference = 3F50989D28CD233700D7BA92 /* kaususUITests.xctest */;
			productType = "com.apple.product-type.bundle.ui-testing";
		};
/* End PBXNativeTarget section */

/* Begin PBXProject section */
		3F50987A28CD233400D7BA92 /* Project object */ = {
			isa = PBXProject;
			attributes = {
				BuildIndependentTargetsInParallel = 1;
				LastSwiftUpdateCheck = 1340;
				LastUpgradeCheck = 1340;
				TargetAttributes = {
					3F50988128CD233400D7BA92 = {
						CreatedOnToolsVersion = 13.4.1;
					};
					3F50989228CD233700D7BA92 = {
						CreatedOnToolsVersion = 13.4.1;
						TestTargetID = 3F50988128CD233400D7BA92;
					};
					3F50989C28CD233700D7BA92 = {
						CreatedOnToolsVersion = 13.4.1;
						TestTargetID = 3F50988128CD233400D7BA92;
					};
				};
			};
			buildConfigurationList = 3F50987D28CD233400D7BA92 /* Build configuration list for PBXProject "kausus" */;
			compatibilityVersion = "Xcode 13.0";
			developmentRegion = en;
			hasScannedForEncodings = 0;
			knownRegions = (
				en,
				Base,
			);
			mainGroup = 3F50987928CD233400D7BA92;
			productRefGroup = 3F50988328CD233400D7BA92 /* Products */;
			projectDirPath = "";
			projectRoot = "";
			targets = (
				3F50988128CD233400D7BA92 /* kausus */,
				3F50989228CD233700D7BA92 /* kaususTests */,
				3F50989C28CD233700D7BA92 /* kaususUITests */,
			);
		};
/* End PBXProject section */

/* Begin PBXResourcesBuildPhase section */
		3F50988028CD233400D7BA92 /* Resources */ = {
			isa = PBXResourcesBuildPhase;
			buildActionMask = 2147483647;
			files = (
				3F50988D28CD233700D7BA92 /* Preview Assets.xcassets in Resources */,
				3F50988A28CD233700D7BA92 /* Assets.xcassets in Resources */,
			);
			runOnlyForDeploymentPostprocessing = 0;
		};
		3F50989128CD233700D7BA92 /* Resources */ = {
			isa = PBXResourcesBuildPhase;
			buildActionMask = 2147483647;
			files = (
			);
			runOnlyForDeploymentPostprocessing = 0;
		};
		3F50989B28CD233700D7BA92 /* Resources */ = {
			isa = PBXResourcesBuildPhase;
			buildActionMask = 2147483647;
			files = (
			);
			runOnlyForDeploymentPostprocessing = 0;
		};
/* End PBXResourcesBuildPhase section */

/* Begin PBXSourcesBuildPhase section */
		3F50987E28CD233400D7BA92 /* Sources */ = {
			isa = PBXSourcesBuildPhase;
			buildActionMask = 2147483647;
			files = (
				3F50988828CD233400D7BA92 /* ContentView.swift in Sources */,
				3F05C28E28DA4E4800D07E32 /* DataController.swift in Sources */,
				3F05C28C28DA4D0300D07E32 /* Kausus.xcdatamodeld in Sources */,
				3F5098B328CD33FD00D7BA92 /* WordGenerator.swift in Sources */,
				3F5098B128CD33A200D7BA92 /* BaseStructs.swift in Sources */,
				3F50988628CD233400D7BA92 /* kaususApp.swift in Sources */,
			);
			runOnlyForDeploymentPostprocessing = 0;
		};
		3F50988F28CD233700D7BA92 /* Sources */ = {
			isa = PBXSourcesBuildPhase;
			buildActionMask = 2147483647;
			files = (
				3F50989828CD233700D7BA92 /* kaususTests.swift in Sources */,
			);
			runOnlyForDeploymentPostprocessing = 0;
		};
		3F50989928CD233700D7BA92 /* Sources */ = {
			isa = PBXSourcesBuildPhase;
			buildActionMask = 2147483647;
			files = (
				3F5098A428CD233700D7BA92 /* kaususUITestsLaunchTests.swift in Sources */,
				3F5098A228CD233700D7BA92 /* kaususUITests.swift in Sources */,
			);
			runOnlyForDeploymentPostprocessing = 0;
		};
/* End PBXSourcesBuildPhase section */

/* Begin PBXTargetDependency section */
		3F50989528CD233700D7BA92 /* PBXTargetDependency */ = {
			isa = PBXTargetDependency;
			target = 3F50988128CD233400D7BA92 /* kausus */;
			targetProxy = 3F50989428CD233700D7BA92 /* PBXContainerItemProxy */;
		};
		3F50989F28CD233700D7BA92 /* PBXTargetDependency */ = {
			isa = PBXTargetDependency;
			target = 3F50988128CD233400D7BA92 /* kausus */;
			targetProxy = 3F50989E28CD233700D7BA92 /* PBXContainerItemProxy */;
		};
/* End PBXTargetDependency section */

/* Begin XCBuildConfiguration section */
		3F5098A528CD233700D7BA92 /* Debug */ = {
			isa = XCBuildConfiguration;
			buildSettings = {
				ALWAYS_SEARCH_USER_PATHS = NO;
				CLANG_ANALYZER_NONNULL = YES;
				CLANG_ANALYZER_NUMBER_OBJECT_CONVERSION = YES_AGGRESSIVE;
				CLANG_CXX_LANGUAGE_STANDARD = "gnu++17";
				CLANG_ENABLE_MODULES = YES;
				CLANG_ENABLE_OBJC_ARC = YES;
				CLANG_ENABLE_OBJC_WEAK = YES;
				CLANG_WARN_BLOCK_CAPTURE_AUTORELEASING = YES;
				CLANG_WARN_BOOL_CONVERSION = YES;
				CLANG_WARN_COMMA = YES;
				CLANG_WARN_CONSTANT_CONVERSION = YES;
				CLANG_WARN_DEPRECATED_OBJC_IMPLEMENTATIONS = YES;
				CLANG_WARN_DIRECT_OBJC_ISA_USAGE = YES_ERROR;
				CLANG_WARN_DOCUMENTATION_COMMENTS = YES;
				CLANG_WARN_EMPTY_BODY = YES;
				CLANG_WARN_ENUM_CONVERSION = YES;
				CLANG_WARN_INFINITE_RECURSION = YES;
				CLANG_WARN_INT_CONVERSION = YES;
				CLANG_WARN_NON_LITERAL_NULL_CONVERSION = YES;
				CLANG_WARN_OBJC_IMPLICIT_RETAIN_SELF = YES;
				CLANG_WARN_OBJC_LITERAL_CONVERSION = YES;
				CLANG_WARN_OBJC_ROOT_CLASS = YES_ERROR;
				CLANG_WARN_QUOTED_INCLUDE_IN_FRAMEWORK_HEADER = YES;
				CLANG_WARN_RANGE_LOOP_ANALYSIS = YES;
				CLANG_WARN_STRICT_PROTOTYPES = YES;
				CLANG_WARN_SUSPICIOUS_MOVE = YES;
				CLANG_WARN_UNGUARDED_AVAILABILITY = YES_AGGRESSIVE;
				CLANG_WARN_UNREACHABLE_CODE = YES;
				CLANG_WARN__DUPLICATE_METHOD_MATCH = YES;
				COPY_PHASE_STRIP = NO;
				DEBUG_INFORMATION_FORMAT = dwarf;
				ENABLE_STRICT_OBJC_MSGSEND = YES;
				ENABLE_TESTABILITY = YES;
				GCC_C_LANGUAGE_STANDARD = gnu11;
				GCC_DYNAMIC_NO_PIC = NO;
				GCC_NO_COMMON_BLOCKS = YES;
				GCC_OPTIMIZATION_LEVEL = 0;
				GCC_PREPROCESSOR_DEFINITIONS = (
					"DEBUG=1",
					"$(inherited)",
				);
				GCC_WARN_64_TO_32_BIT_CONVERSION = YES;
				GCC_WARN_ABOUT_RETURN_TYPE = YES_ERROR;
				GCC_WARN_UNDECLARED_SELECTOR = YES;
				GCC_WARN_UNINITIALIZED_AUTOS = YES_AGGRESSIVE;
				GCC_WARN_UNUSED_FUNCTION = YES;
				GCC_WARN_UNUSED_VARIABLE = YES;
				MACOSX_DEPLOYMENT_TARGET = 12.3;
				MTL_ENABLE_DEBUG_INFO = INCLUDE_SOURCE;
				MTL_FAST_MATH = YES;
				ONLY_ACTIVE_ARCH = YES;
				SDKROOT = macosx;
				SWIFT_ACTIVE_COMPILATION_CONDITIONS = DEBUG;
				SWIFT_OPTIMIZATION_LEVEL = "-Onone";
			};
			name = Debug;
		};
		3F5098A628CD233700D7BA92 /* Release */ = {
			isa = XCBuildConfiguration;
			buildSettings = {
				ALWAYS_SEARCH_USER_PATHS = NO;
				CLANG_ANALYZER_NONNULL = YES;
				CLANG_ANALYZER_NUMBER_OBJECT_CONVERSION = YES_AGGRESSIVE;
				CLANG_CXX_LANGUAGE_STANDARD = "gnu++17";
				CLANG_ENABLE_MODULES = YES;
				CLANG_ENABLE_OBJC_ARC = YES;
				CLANG_ENABLE_OBJC_WEAK = YES;
				CLANG_WARN_BLOCK_CAPTURE_AUTORELEASING = YES;
				CLANG_WARN_BOOL_CONVERSION = YES;
				CLANG_WARN_COMMA = YES;
				CLANG_WARN_CONSTANT_CONVERSION = YES;
				CLANG_WARN_DEPRECATED_OBJC_IMPLEMENTATIONS = YES;
				CLANG_WARN_DIRECT_OBJC_ISA_USAGE = YES_ERROR;
				CLANG_WARN_DOCUMENTATION_COMMENTS = YES;
				CLANG_WARN_EMPTY_BODY = YES;
				CLANG_WARN_ENUM_CONVERSION = YES;
				CLANG_WARN_INFINITE_RECURSION = YES;
				CLANG_WARN_INT_CONVERSION = YES;
				CLANG_WARN_NON_LITERAL_NULL_CONVERSION = YES;
				CLANG_WARN_OBJC_IMPLICIT_RETAIN_SELF = YES;
				CLANG_WARN_OBJC_LITERAL_CONVERSION = YES;
				CLANG_WARN_OBJC_ROOT_CLASS = YES_ERROR;
				CLANG_WARN_QUOTED_INCLUDE_IN_FRAMEWORK_HEADER = YES;
				CLANG_WARN_RANGE_LOOP_ANALYSIS = YES;
				CLANG_WARN_STRICT_PROTOTYPES = YES;
				CLANG_WARN_SUSPICIOUS_MOVE = YES;
				CLANG_WARN_UNGUARDED_AVAILABILITY = YES_AGGRESSIVE;
				CLANG_WARN_UNREACHABLE_CODE = YES;
				CLANG_WARN__DUPLICATE_METHOD_MATCH = YES;
				COPY_PHASE_STRIP = NO;
				DEBUG_INFORMATION_FORMAT = "dwarf-with-dsym";
				ENABLE_NS_ASSERTIONS = NO;
				ENABLE_STRICT_OBJC_MSGSEND = YES;
				GCC_C_LANGUAGE_STANDARD = gnu11;
				GCC_NO_COMMON_BLOCKS = YES;
				GCC_WARN_64_TO_32_BIT_CONVERSION = YES;
				GCC_WARN_ABOUT_RETURN_TYPE = YES_ERROR;
				GCC_WARN_UNDECLARED_SELECTOR = YES;
				GCC_WARN_UNINITIALIZED_AUTOS = YES_AGGRESSIVE;
				GCC_WARN_UNUSED_FUNCTION = YES;
				GCC_WARN_UNUSED_VARIABLE = YES;
				MACOSX_DEPLOYMENT_TARGET = 12.3;
				MTL_ENABLE_DEBUG_INFO = NO;
				MTL_FAST_MATH = YES;
				SDKROOT = macosx;
				SWIFT_COMPILATION_MODE = wholemodule;
				SWIFT_OPTIMIZATION_LEVEL = "-O";
			};
			name = Release;
		};
		3F5098A828CD233700D7BA92 /* Debug */ = {
			isa = XCBuildConfiguration;
			buildSettings = {
				ASSETCATALOG_COMPILER_APPICON_NAME = AppIcon;
				ASSETCATALOG_COMPILER_GLOBAL_ACCENT_COLOR_NAME = AccentColor;
				CODE_SIGN_ENTITLEMENTS = kausus/kausus.entitlements;
				CODE_SIGN_STYLE = Automatic;
				COMBINE_HIDPI_IMAGES = YES;
				CURRENT_PROJECT_VERSION = 1;
				DEVELOPMENT_ASSET_PATHS = "\"kausus/Preview Content\"";
				ENABLE_PREVIEWS = YES;
				GENERATE_INFOPLIST_FILE = YES;
				INFOPLIST_KEY_NSHumanReadableCopyright = "";
				LD_RUNPATH_SEARCH_PATHS = (
					"$(inherited)",
					"@executable_path/../Frameworks",
				);
				MARKETING_VERSION = 1.0;
				PRODUCT_BUNDLE_IDENTIFIER = com.hyston.learn.kausus;
				PRODUCT_NAME = "$(TARGET_NAME)";
				SWIFT_EMIT_LOC_STRINGS = YES;
				SWIFT_VERSION = 5.0;
			};
			name = Debug;
		};
		3F5098A928CD233700D7BA92 /* Release */ = {
			isa = XCBuildConfiguration;
			buildSettings = {
				ASSETCATALOG_COMPILER_APPICON_NAME = AppIcon;
				ASSETCATALOG_COMPILER_GLOBAL_ACCENT_COLOR_NAME = AccentColor;
				CODE_SIGN_ENTITLEMENTS = kausus/kausus.entitlements;
				CODE_SIGN_STYLE = Automatic;
				COMBINE_HIDPI_IMAGES = YES;
				CURRENT_PROJECT_VERSION = 1;
				DEVELOPMENT_ASSET_PATHS = "\"kausus/Preview Content\"";
				ENABLE_PREVIEWS = YES;
				GENERATE_INFOPLIST_FILE = YES;
				INFOPLIST_KEY_NSHumanReadableCopyright = "";
				LD_RUNPATH_SEARCH_PATHS = (
					"$(inherited)",
					"@executable_path/../Frameworks",
				);
				MARKETING_VERSION = 1.0;
				PRODUCT_BUNDLE_IDENTIFIER = com.hyston.learn.kausus;
				PRODUCT_NAME = "$(TARGET_NAME)";
				SWIFT_EMIT_LOC_STRINGS = YES;
				SWIFT_VERSION = 5.0;
			};
			name = Release;
		};
		3F5098AB28CD233700D7BA92 /* Debug */ = {
			isa = XCBuildConfiguration;
			buildSettings = {
				ALWAYS_EMBED_SWIFT_STANDARD_LIBRARIES = YES;
				BUNDLE_LOADER = "$(TEST_HOST)";
				CODE_SIGN_STYLE = Automatic;
				CURRENT_PROJECT_VERSION = 1;
				GENERATE_INFOPLIST_FILE = YES;
				MACOSX_DEPLOYMENT_TARGET = 12.3;
				MARKETING_VERSION = 1.0;
				PRODUCT_BUNDLE_IDENTIFIER = com.hyston.learn.kaususTests;
				PRODUCT_NAME = "$(TARGET_NAME)";
				SWIFT_EMIT_LOC_STRINGS = NO;
				SWIFT_VERSION = 5.0;
				TEST_HOST = "$(BUILT_PRODUCTS_DIR)/kausus.app/Contents/MacOS/kausus";
			};
			name = Debug;
		};
		3F5098AC28CD233700D7BA92 /* Release */ = {
			isa = XCBuildConfiguration;
			buildSettings = {
				ALWAYS_EMBED_SWIFT_STANDARD_LIBRARIES = YES;
				BUNDLE_LOADER = "$(TEST_HOST)";
				CODE_SIGN_STYLE = Automatic;
				CURRENT_PROJECT_VERSION = 1;
				GENERATE_INFOPLIST_FILE = YES;
				MACOSX_DEPLOYMENT_TARGET = 12.3;
				MARKETING_VERSION = 1.0;
				PRODUCT_BUNDLE_IDENTIFIER = com.hyston.learn.kaususTests;
				PRODUCT_NAME = "$(TARGET_NAME)";
				SWIFT_EMIT_LOC_STRINGS = NO;
				SWIFT_VERSION = 5.0;
				TEST_HOST = "$(BUILT_PRODUCTS_DIR)/kausus.app/Contents/MacOS/kausus";
			};
			name = Release;
		};
		3F5098AE28CD233700D7BA92 /* Debug */ = {
			isa = XCBuildConfiguration;
			buildSettings = {
				ALWAYS_EMBED_SWIFT_STANDARD_LIBRARIES = YES;
				CODE_SIGN_STYLE = Automatic;
				CURRENT_PROJECT_VERSION = 1;
				GENERATE_INFOPLIST_FILE = YES;
				MARKETING_VERSION = 1.0;
				PRODUCT_BUNDLE_IDENTIFIER = com.hyston.learn.kaususUITests;
				PRODUCT_NAME = "$(TARGET_NAME)";
				SWIFT_EMIT_LOC_STRINGS = NO;
				SWIFT_VERSION = 5.0;
				TEST_TARGET_NAME = kausus;
			};
			name = Debug;
		};
		3F5098AF28CD233700D7BA92 /* Release */ = {
			isa = XCBuildConfiguration;
			buildSettings = {
				ALWAYS_EMBED_SWIFT_STANDARD_LIBRARIES = YES;
				CODE_SIGN_STYLE = Automatic;
				CURRENT_PROJECT_VERSION = 1;
				GENERATE_INFOPLIST_FILE = YES;
				MARKETING_VERSION = 1.0;
				PRODUCT_BUNDLE_IDENTIFIER = com.hyston.learn.kaususUITests;
				PRODUCT_NAME = "$(TARGET_NAME)";
				SWIFT_EMIT_LOC_STRINGS = NO;
				SWIFT_VERSION = 5.0;
				TEST_TARGET_NAME = kausus;
			};
			name = Release;
		};
/* End XCBuildConfiguration section */

/* Begin XCConfigurationList section */
		3F50987D28CD233400D7BA92 /* Build configuration list for PBXProject "kausus" */ = {
			isa = XCConfigurationList;
			buildConfigurations = (
				3F5098A528CD233700D7BA92 /* Debug */,
				3F5098A628CD233700D7BA92 /* Release */,
			);
			defaultConfigurationIsVisible = 0;
			defaultConfigurationName = Release;
		};
		3F5098A728CD233700D7BA92 /* Build configuration list for PBXNativeTarget "kausus" */ = {
			isa = XCConfigurationList;
			buildConfigurations = (
				3F5098A828CD233700D7BA92 /* Debug */,
				3F5098A928CD233700D7BA92 /* Release */,
			);
			defaultConfigurationIsVisible = 0;
			defaultConfigurationName = Release;
		};
		3F5098AA28CD233700D7BA92 /* Build configuration list for PBXNativeTarget "kaususTests" */ = {
			isa = XCConfigurationList;
			buildConfigurations = (
				3F5098AB28CD233700D7BA92 /* Debug */,
				3F5098AC28CD233700D7BA92 /* Release */,
			);
			defaultConfigurationIsVisible = 0;
			defaultConfigurationName = Release;
		};
		3F5098AD28CD233700D7BA92 /* Build configuration list for PBXNativeTarget "kaususUITests" */ = {
			isa = XCConfigurationList;
			buildConfigurations = (
				3F5098AE28CD233700D7BA92 /* Debug */,
				3F5098AF28CD233700D7BA92 /* Release */,
			);
			defaultConfigurationIsVisible = 0;
			defaultConfigurationName = Release;
		};
/* End XCConfigurationList section */

/* Begin XCVersionGroup section */
		3F05C28A28DA4D0300D07E32 /* Kausus.xcdatamodeld */ = {
			isa = XCVersionGroup;
			children = (
				3F05C28B28DA4D0300D07E32 /* Word.xcdatamodel */,
			);
			currentVersion = 3F05C28B28DA4D0300D07E32 /* Word.xcdatamodel */;
			path = Kausus.xcdatamodeld;
			sourceTree = "<group>";
			versionGroupType = wrapper.xcdatamodel;
		};
/* End XCVersionGroup section */
	};
	rootObject = 3F50987A28CD233400D7BA92 /* Project object */;
}
